
Microsoft Visual Studio Solution File, Format Version 12.00
# Visual Studio Version 16
VisualStudioVersion = 16.0.29209.152
MinimumVisualStudioVersion = 10.0.40219.1
Project("{FAE04EC0-301F-11D3-BF4B-00C04F79EFBC}") = "WebUploaderText", "WebUploaderText\WebUploaderText.csproj", "{4149C72E-D124-41E7-B292-C7F98B6C0E19}"
EndProject
Project("{FAE04EC0-301F-11D3-BF4B-00C04F79EFBC}") = "WebUploaderText.Tests", "WebUploaderText.Tests\WebUploaderText.Tests.csproj", "{DA777EFA-F6DB-46E2-95EA-AD62398ADFD5}"
EndProject
Global
	GlobalSection(SolutionConfigurationPlatforms) = preSolution
		Debug|Any CPU = Debug|Any CPU
		Release|Any CPU = Release|Any CPU
	EndGlobalSection
	GlobalSection(ProjectConfigurationPlatforms) = postSolution
		{4149C72E-D124-41E7-B292-C7F98B6C0E19}.Debug|Any CPU.ActiveCfg = Debug|Any CPU
		{4149C72E-D124-41E7-B292-C7F98B6C0E19}.Debug|Any CPU.Build.0 = Debug|Any CPU
		{4149C72E-D124-41E7-B292-C7F98B6C0E19}.Release|Any CPU.ActiveCfg = Release|Any CPU
		{4149C72E-D124-41E7-B292-C7F98B6C0E19}.Release|Any CPU.Build.0 = Release|Any CPU
		{DA777EFA-F6DB-46E2-95EA-AD62398ADFD5}.Debug|Any CPU.ActiveCfg = Debug|Any CPU
		{DA777EFA-F6DB-46E2-95EA-AD62398ADFD5}.Debug|Any CPU.Build.0 = Debug|Any CPU
		{DA777EFA-F6DB-46E2-95EA-AD62398ADFD5}.Release|Any CPU.ActiveCfg = Release|Any CPU
		{DA777EFA-F6DB-46E2-95EA-AD62398ADFD5}.Release|Any CPU.Build.0 = Release|Any CPU
	EndGlobalSection
	GlobalSection(SolutionProperties) = preSolution
		HideSolutionNode = FALSE
	EndGlobalSection
	GlobalSection(ExtensibilityGlobals) = postSolution
		SolutionGuid = {BFD9E5C0-F158-415D-AEAF-AD19BD9D27B1}
	EndGlobalSection
EndGlobal
